// !$*UTF8*$!
{
	archiveVersion = 1;
	classes = {
	};
	objectVersion = 77;
	objects = {

/* Begin PBXBuildFile section */
		BB1FAAFC2D56DEAB000A189B /* SwiftSoup in Frameworks */ = {isa = PBXBuildFile; productRef = BB1FAAFB2D56DEAB000A189B /* SwiftSoup */; };
		BB1FAB1C2D583B5C000A189B /* Kingfisher in Frameworks */ = {isa = PBXBuildFile; productRef = BB1FAB1B2D583B5C000A189B /* Kingfisher */; };
		BB1FAB1E2D583B60000A189B /* SwiftSoup in Frameworks */ = {isa = PBXBuildFile; productRef = BB1FAB1D2D583B60000A189B /* SwiftSoup */; };
		BB89ADD12D566FEE00037236 /* Kingfisher in Frameworks */ = {isa = PBXBuildFile; productRef = BB89ADD02D566FEE00037236 /* Kingfisher */; };
/* End PBXBuildFile section */

/* Begin PBXContainerItemProxy section */
		BB1FAB072D5825BD000A189B /* PBXContainerItemProxy */ = {
			isa = PBXContainerItemProxy;
			containerPortal = BB89ADA82D566D9A00037236 /* Project object */;
			proxyType = 1;
			remoteGlobalIDString = BB89ADAF2D566D9A00037236;
			remoteInfo = Assessment;
		};
		BB89AE012D56942300037236 /* PBXContainerItemProxy */ = {
			isa = PBXContainerItemProxy;
			containerPortal = BB89ADA82D566D9A00037236 /* Project object */;
			proxyType = 1;
			remoteGlobalIDString = BB89ADAF2D566D9A00037236;
			remoteInfo = Assessment;
		};
/* End PBXContainerItemProxy section */

/* Begin PBXFileReference section */
		BB1FAB012D5825BD000A189B /* AssessmentUITests.xctest */ = {isa = PBXFileReference; explicitFileType = wrapper.cfbundle; includeInIndex = 0; path = AssessmentUITests.xctest; sourceTree = BUILT_PRODUCTS_DIR; };
		BB1FAB102D583115000A189B /* Assessment.xctestplan */ = {isa = PBXFileReference; lastKnownFileType = text; path = Assessment.xctestplan; sourceTree = "<group>"; };
		BB89ADB02D566D9A00037236 /* Assessment.app */ = {isa = PBXFileReference; explicitFileType = wrapper.application; includeInIndex = 0; path = Assessment.app; sourceTree = BUILT_PRODUCTS_DIR; };
		BB89ADFD2D56942300037236 /* AssessmentTests.xctest */ = {isa = PBXFileReference; explicitFileType = wrapper.cfbundle; includeInIndex = 0; path = AssessmentTests.xctest; sourceTree = BUILT_PRODUCTS_DIR; };
/* End PBXFileReference section */

/* Begin PBXFileSystemSynchronizedBuildFileExceptionSet section */
		BB1FAB132D5836F3000A189B /* Exceptions for "Assessment" folder in "AssessmentTests" target */ = {
			isa = PBXFileSystemSynchronizedBuildFileExceptionSet;
			membershipExceptions = (
				Helpers/Helpers.swift,
				Model/Model.swift,
				View/ImageDetailsView.swift,
				ViewModel/ContentViewModel.swift,
			);
			target = BB89ADFC2D56942200037236 /* AssessmentTests */;
		};
		BB1FAB142D5836F3000A189B /* Exceptions for "Assessment" folder in "AssessmentUITests" target */ = {
			isa = PBXFileSystemSynchronizedBuildFileExceptionSet;
			membershipExceptions = (
				Helpers/Helpers.swift,
				Model/Model.swift,
				View/ImageDetailsView.swift,
				ViewModel/ContentViewModel.swift,
			);
			target = BB1FAB002D5825BD000A189B /* AssessmentUITests */;
		};
/* End PBXFileSystemSynchronizedBuildFileExceptionSet section */

/* Begin PBXFileSystemSynchronizedRootGroup section */
		BB1FAB022D5825BD000A189B /* AssessmentUITests */ = {
			isa = PBXFileSystemSynchronizedRootGroup;
			path = AssessmentUITests;
			sourceTree = "<group>";
		};
		BB89ADB22D566D9A00037236 /* Assessment */ = {
			isa = PBXFileSystemSynchronizedRootGroup;
			exceptions = (
				BB1FAB132D5836F3000A189B /* Exceptions for "Assessment" folder in "AssessmentTests" target */,
				BB1FAB142D5836F3000A189B /* Exceptions for "Assessment" folder in "AssessmentUITests" target */,
			);
			path = Assessment;
			sourceTree = "<group>";
		};
		BB89ADFE2D56942300037236 /* AssessmentTests */ = {
			isa = PBXFileSystemSynchronizedRootGroup;
			path = AssessmentTests;
			sourceTree = "<group>";
		};
/* End PBXFileSystemSynchronizedRootGroup section */

/* Begin PBXFrameworksBuildPhase section */
		BB1FAAFE2D5825BD000A189B /* Frameworks */ = {
			isa = PBXFrameworksBuildPhase;
			buildActionMask = 2147483647;
			files = (
				BB1FAB1C2D583B5C000A189B /* Kingfisher in Frameworks */,
				BB1FAB1E2D583B60000A189B /* SwiftSoup in Frameworks */,
			);
			runOnlyForDeploymentPostprocessing = 0;
		};
		BB89ADAD2D566D9A00037236 /* Frameworks */ = {
			isa = PBXFrameworksBuildPhase;
			buildActionMask = 2147483647;
			files = (
				BB89ADD12D566FEE00037236 /* Kingfisher in Frameworks */,
				BB1FAAFC2D56DEAB000A189B /* SwiftSoup in Frameworks */,
			);
			runOnlyForDeploymentPostprocessing = 0;
		};
		BB89ADFA2D56942200037236 /* Frameworks */ = {
			isa = PBXFrameworksBuildPhase;
			buildActionMask = 2147483647;
			files = (
			);
			runOnlyForDeploymentPostprocessing = 0;
		};
/* End PBXFrameworksBuildPhase section */

/* Begin PBXGroup section */
		BB1FAAFA2D56DEAB000A189B /* Frameworks */ = {
			isa = PBXGroup;
			children = (
			);
			name = Frameworks;
			sourceTree = "<group>";
		};
		BB89ADA72D566D9A00037236 = {
			isa = PBXGroup;
			children = (
				BB1FAB102D583115000A189B /* Assessment.xctestplan */,
				BB89ADB22D566D9A00037236 /* Assessment */,
				BB89ADFE2D56942300037236 /* AssessmentTests */,
				BB1FAB022D5825BD000A189B /* AssessmentUITests */,
				BB1FAAFA2D56DEAB000A189B /* Frameworks */,
				BB89ADB12D566D9A00037236 /* Products */,
			);
			sourceTree = "<group>";
		};
		BB89ADB12D566D9A00037236 /* Products */ = {
			isa = PBXGroup;
			children = (
				BB89ADB02D566D9A00037236 /* Assessment.app */,
				BB89ADFD2D56942300037236 /* AssessmentTests.xctest */,
				BB1FAB012D5825BD000A189B /* AssessmentUITests.xctest */,
			);
			name = Products;
			sourceTree = "<group>";
		};
/* End PBXGroup section */

/* Begin PBXNativeTarget section */
		BB1FAB002D5825BD000A189B /* AssessmentUITests */ = {
			isa = PBXNativeTarget;
			buildConfigurationList = BB1FAB092D5825BD000A189B /* Build configuration list for PBXNativeTarget "AssessmentUITests" */;
			buildPhases = (
				BB1FAAFD2D5825BD000A189B /* Sources */,
				BB1FAAFE2D5825BD000A189B /* Frameworks */,
				BB1FAAFF2D5825BD000A189B /* Resources */,
			);
			buildRules = (
			);
			dependencies = (
				BB1FAB082D5825BD000A189B /* PBXTargetDependency */,
			);
			fileSystemSynchronizedGroups = (
				BB1FAB022D5825BD000A189B /* AssessmentUITests */,
			);
			name = AssessmentUITests;
			packageProductDependencies = (
				BB1FAB1B2D583B5C000A189B /* Kingfisher */,
				BB1FAB1D2D583B60000A189B /* SwiftSoup */,
			);
			productName = AssessmentUITests;
			productReference = BB1FAB012D5825BD000A189B /* AssessmentUITests.xctest */;
			productType = "com.apple.product-type.bundle.ui-testing";
		};
		BB89ADAF2D566D9A00037236 /* Assessment */ = {
			isa = PBXNativeTarget;
			buildConfigurationList = BB89ADBE2D566D9C00037236 /* Build configuration list for PBXNativeTarget "Assessment" */;
			buildPhases = (
				BB89ADAC2D566D9A00037236 /* Sources */,
				BB89ADAD2D566D9A00037236 /* Frameworks */,
				BB89ADAE2D566D9A00037236 /* Resources */,
			);
			buildRules = (
			);
			dependencies = (
			);
			fileSystemSynchronizedGroups = (
				BB89ADB22D566D9A00037236 /* Assessment */,
			);
			name = Assessment;
			packageProductDependencies = (
				BB89ADD02D566FEE00037236 /* Kingfisher */,
				BB1FAAFB2D56DEAB000A189B /* SwiftSoup */,
			);
			productName = Assessment;
			productReference = BB89ADB02D566D9A00037236 /* Assessment.app */;
			productType = "com.apple.product-type.application";
		};
		BB89ADFC2D56942200037236 /* AssessmentTests */ = {
			isa = PBXNativeTarget;
			buildConfigurationList = BB89AE032D56942300037236 /* Build configuration list for PBXNativeTarget "AssessmentTests" */;
			buildPhases = (
				BB89ADF92D56942200037236 /* Sources */,
				BB89ADFA2D56942200037236 /* Frameworks */,
				BB89ADFB2D56942200037236 /* Resources */,
			);
			buildRules = (
			);
			dependencies = (
				BB89AE022D56942300037236 /* PBXTargetDependency */,
			);
			fileSystemSynchronizedGroups = (
				BB89ADFE2D56942300037236 /* AssessmentTests */,
			);
			name = AssessmentTests;
			packageProductDependencies = (
			);
			productName = AssessmentTests;
			productReference = BB89ADFD2D56942300037236 /* AssessmentTests.xctest */;
			productType = "com.apple.product-type.bundle.unit-test";
		};
/* End PBXNativeTarget section */

/* Begin PBXProject section */
		BB89ADA82D566D9A00037236 /* Project object */ = {
			isa = PBXProject;
			attributes = {
				BuildIndependentTargetsInParallel = 1;
				LastSwiftUpdateCheck = 1610;
				LastUpgradeCheck = 1610;
				TargetAttributes = {
					BB1FAB002D5825BD000A189B = {
						CreatedOnToolsVersion = 16.1;
						TestTargetID = BB89ADAF2D566D9A00037236;
					};
					BB89ADAF2D566D9A00037236 = {
						CreatedOnToolsVersion = 16.1;
					};
					BB89ADFC2D56942200037236 = {
						CreatedOnToolsVersion = 16.1;
						TestTargetID = BB89ADAF2D566D9A00037236;
					};
				};
			};
			buildConfigurationList = BB89ADAB2D566D9A00037236 /* Build configuration list for PBXProject "Assessment" */;
			developmentRegion = en;
			hasScannedForEncodings = 0;
			knownRegions = (
				en,
				Base,
			);
			mainGroup = BB89ADA72D566D9A00037236;
			minimizedProjectReferenceProxies = 1;
			packageReferences = (
				BB89ADCF2D566FEE00037236 /* XCRemoteSwiftPackageReference "Kingfisher" */,
				BBC15F6A2D56DD1C00644EDC /* XCRemoteSwiftPackageReference "SwiftSoup" */,
			);
			preferredProjectObjectVersion = 77;
			productRefGroup = BB89ADB12D566D9A00037236 /* Products */;
			projectDirPath = "";
			projectRoot = "";
			targets = (
				BB89ADAF2D566D9A00037236 /* Assessment */,
				BB89ADFC2D56942200037236 /* AssessmentTests */,
				BB1FAB002D5825BD000A189B /* AssessmentUITests */,
			);
		};
/* End PBXProject section */

/* Begin PBXResourcesBuildPhase section */
		BB1FAAFF2D5825BD000A189B /* Resources */ = {
			isa = PBXResourcesBuildPhase;
			buildActionMask = 2147483647;
			files = (
			);
			runOnlyForDeploymentPostprocessing = 0;
		};
		BB89ADAE2D566D9A00037236 /* Resources */ = {
			isa = PBXResourcesBuildPhase;
			buildActionMask = 2147483647;
			files = (
			);
			runOnlyForDeploymentPostprocessing = 0;
		};
		BB89ADFB2D56942200037236 /* Resources */ = {
			isa = PBXResourcesBuildPhase;
			buildActionMask = 2147483647;
			files = (
			);
			runOnlyForDeploymentPostprocessing = 0;
		};
/* End PBXResourcesBuildPhase section */

/* Begin PBXSourcesBuildPhase section */
		BB1FAAFD2D5825BD000A189B /* Sources */ = {
			isa = PBXSourcesBuildPhase;
			buildActionMask = 2147483647;
			files = (
			);
			runOnlyForDeploymentPostprocessing = 0;
		};
		BB89ADAC2D566D9A00037236 /* Sources */ = {
			isa = PBXSourcesBuildPhase;
			buildActionMask = 2147483647;
			files = (
			);
			runOnlyForDeploymentPostprocessing = 0;
		};
		BB89ADF92D56942200037236 /* Sources */ = {
			isa = PBXSourcesBuildPhase;
			buildActionMask = 2147483647;
			files = (
			);
			runOnlyForDeploymentPostprocessing = 0;
		};
/* End PBXSourcesBuildPhase section */

/* Begin PBXTargetDependency section */
		BB1FAB082D5825BD000A189B /* PBXTargetDependency */ = {
			isa = PBXTargetDependency;
			target = BB89ADAF2D566D9A00037236 /* Assessment */;
			targetProxy = BB1FAB072D5825BD000A189B /* PBXContainerItemProxy */;
		};
		BB89AE022D56942300037236 /* PBXTargetDependency */ = {
			isa = PBXTargetDependency;
			target = BB89ADAF2D566D9A00037236 /* Assessment */;
			targetProxy = BB89AE012D56942300037236 /* PBXContainerItemProxy */;
		};
/* End PBXTargetDependency section */

/* Begin XCBuildConfiguration section */
		BB1FAB0A2D5825BD000A189B /* Debug */ = {
			isa = XCBuildConfiguration;
			buildSettings = {
				CODE_SIGN_STYLE = Automatic;
				CURRENT_PROJECT_VERSION = 1;
				DEVELOPMENT_TEAM = 8JMM4RM96A;
				GENERATE_INFOPLIST_FILE = YES;
				MARKETING_VERSION = 1.0;
				PRODUCT_BUNDLE_IDENTIFIER = app.indeks.AssessmentUITests;
				PRODUCT_NAME = "$(TARGET_NAME)";
				SWIFT_EMIT_LOC_STRINGS = NO;
				SWIFT_VERSION = 5.0;
				TARGETED_DEVICE_FAMILY = "1,2";
				TEST_TARGET_NAME = Assessment;
			};
			name = Debug;
		};
		BB1FAB0B2D5825BD000A189B /* Release */ = {
			isa = XCBuildConfiguration;
			buildSettings = {
				CODE_SIGN_STYLE = Automatic;
				CURRENT_PROJECT_VERSION = 1;
				DEVELOPMENT_TEAM = 8JMM4RM96A;
				GENERATE_INFOPLIST_FILE = YES;
				MARKETING_VERSION = 1.0;
				PRODUCT_BUNDLE_IDENTIFIER = app.indeks.AssessmentUITests;
				PRODUCT_NAME = "$(TARGET_NAME)";
				SWIFT_EMIT_LOC_STRINGS = NO;
				SWIFT_VERSION = 5.0;
				TARGETED_DEVICE_FAMILY = "1,2";
				TEST_TARGET_NAME = Assessment;
			};
			name = Release;
		};
		BB89ADBC2D566D9C00037236 /* Debug */ = {
			isa = XCBuildConfiguration;
			buildSettings = {
				ALWAYS_SEARCH_USER_PATHS = NO;
				ASSETCATALOG_COMPILER_GENERATE_SWIFT_ASSET_SYMBOL_EXTENSIONS = YES;
				CLANG_ANALYZER_NONNULL = YES;
				CLANG_ANALYZER_NUMBER_OBJECT_CONVERSION = YES_AGGRESSIVE;
				CLANG_CXX_LANGUAGE_STANDARD = "gnu++20";
				CLANG_ENABLE_MODULES = YES;
				CLANG_ENABLE_OBJC_ARC = YES;
				CLANG_ENABLE_OBJC_WEAK = YES;
				CLANG_WARN_BLOCK_CAPTURE_AUTORELEASING = YES;
				CLANG_WARN_BOOL_CONVERSION = YES;
				CLANG_WARN_COMMA = YES;
				CLANG_WARN_CONSTANT_CONVERSION = YES;
				CLANG_WARN_DEPRECATED_OBJC_IMPLEMENTATIONS = YES;
				CLANG_WARN_DIRECT_OBJC_ISA_USAGE = YES_ERROR;
				CLANG_WARN_DOCUMENTATION_COMMENTS = YES;
				CLANG_WARN_EMPTY_BODY = YES;
				CLANG_WARN_ENUM_CONVERSION = YES;
				CLANG_WARN_INFINITE_RECURSION = YES;
				CLANG_WARN_INT_CONVERSION = YES;
				CLANG_WARN_NON_LITERAL_NULL_CONVERSION = YES;
				CLANG_WARN_OBJC_IMPLICIT_RETAIN_SELF = YES;
				CLANG_WARN_OBJC_LITERAL_CONVERSION = YES;
				CLANG_WARN_OBJC_ROOT_CLASS = YES_ERROR;
				CLANG_WARN_QUOTED_INCLUDE_IN_FRAMEWORK_HEADER = YES;
				CLANG_WARN_RANGE_LOOP_ANALYSIS = YES;
				CLANG_WARN_STRICT_PROTOTYPES = YES;
				CLANG_WARN_SUSPICIOUS_MOVE = YES;
				CLANG_WARN_UNGUARDED_AVAILABILITY = YES_AGGRESSIVE;
				CLANG_WARN_UNREACHABLE_CODE = YES;
				CLANG_WARN__DUPLICATE_METHOD_MATCH = YES;
				COPY_PHASE_STRIP = NO;
				DEBUG_INFORMATION_FORMAT = dwarf;
				ENABLE_STRICT_OBJC_MSGSEND = YES;
				ENABLE_TESTABILITY = YES;
				ENABLE_USER_SCRIPT_SANDBOXING = YES;
				GCC_C_LANGUAGE_STANDARD = gnu17;
				GCC_DYNAMIC_NO_PIC = NO;
				GCC_NO_COMMON_BLOCKS = YES;
				GCC_OPTIMIZATION_LEVEL = 0;
				GCC_PREPROCESSOR_DEFINITIONS = (
					"DEBUG=1",
					"$(inherited)",
				);
				GCC_WARN_64_TO_32_BIT_CONVERSION = YES;
				GCC_WARN_ABOUT_RETURN_TYPE = YES_ERROR;
				GCC_WARN_UNDECLARED_SELECTOR = YES;
				GCC_WARN_UNINITIALIZED_AUTOS = YES_AGGRESSIVE;
				GCC_WARN_UNUSED_FUNCTION = YES;
				GCC_WARN_UNUSED_VARIABLE = YES;
				IPHONEOS_DEPLOYMENT_TARGET = 18.1;
				LOCALIZATION_PREFERS_STRING_CATALOGS = YES;
				MTL_ENABLE_DEBUG_INFO = INCLUDE_SOURCE;
				MTL_FAST_MATH = YES;
				ONLY_ACTIVE_ARCH = YES;
				SDKROOT = iphoneos;
				SWIFT_ACTIVE_COMPILATION_CONDITIONS = "DEBUG $(inherited)";
				SWIFT_OPTIMIZATION_LEVEL = "-Onone";
			};
			name = Debug;
		};
		BB89ADBD2D566D9C00037236 /* Release */ = {
			isa = XCBuildConfiguration;
			buildSettings = {
				ALWAYS_SEARCH_USER_PATHS = NO;
				ASSETCATALOG_COMPILER_GENERATE_SWIFT_ASSET_SYMBOL_EXTENSIONS = YES;
				CLANG_ANALYZER_NONNULL = YES;
				CLANG_ANALYZER_NUMBER_OBJECT_CONVERSION = YES_AGGRESSIVE;
				CLANG_CXX_LANGUAGE_STANDARD = "gnu++20";
				CLANG_ENABLE_MODULES = YES;
				CLANG_ENABLE_OBJC_ARC = YES;
				CLANG_ENABLE_OBJC_WEAK = YES;
				CLANG_WARN_BLOCK_CAPTURE_AUTORELEASING = YES;
				CLANG_WARN_BOOL_CONVERSION = YES;
				CLANG_WARN_COMMA = YES;
				CLANG_WARN_CONSTANT_CONVERSION = YES;
				CLANG_WARN_DEPRECATED_OBJC_IMPLEMENTATIONS = YES;
				CLANG_WARN_DIRECT_OBJC_ISA_USAGE = YES_ERROR;
				CLANG_WARN_DOCUMENTATION_COMMENTS = YES;
				CLANG_WARN_EMPTY_BODY = YES;
				CLANG_WARN_ENUM_CONVERSION = YES;
				CLANG_WARN_INFINITE_RECURSION = YES;
				CLANG_WARN_INT_CONVERSION = YES;
				CLANG_WARN_NON_LITERAL_NULL_CONVERSION = YES;
				CLANG_WARN_OBJC_IMPLICIT_RETAIN_SELF = YES;
				CLANG_WARN_OBJC_LITERAL_CONVERSION = YES;
				CLANG_WARN_OBJC_ROOT_CLASS = YES_ERROR;
				CLANG_WARN_QUOTED_INCLUDE_IN_FRAMEWORK_HEADER = YES;
				CLANG_WARN_RANGE_LOOP_ANALYSIS = YES;
				CLANG_WARN_STRICT_PROTOTYPES = YES;
				CLANG_WARN_SUSPICIOUS_MOVE = YES;
				CLANG_WARN_UNGUARDED_AVAILABILITY = YES_AGGRESSIVE;
				CLANG_WARN_UNREACHABLE_CODE = YES;
				CLANG_WARN__DUPLICATE_METHOD_MATCH = YES;
				COPY_PHASE_STRIP = NO;
				DEBUG_INFORMATION_FORMAT = "dwarf-with-dsym";
				ENABLE_NS_ASSERTIONS = NO;
				ENABLE_STRICT_OBJC_MSGSEND = YES;
				ENABLE_USER_SCRIPT_SANDBOXING = YES;
				GCC_C_LANGUAGE_STANDARD = gnu17;
				GCC_NO_COMMON_BLOCKS = YES;
				GCC_WARN_64_TO_32_BIT_CONVERSION = YES;
				GCC_WARN_ABOUT_RETURN_TYPE = YES_ERROR;
				GCC_WARN_UNDECLARED_SELECTOR = YES;
				GCC_WARN_UNINITIALIZED_AUTOS = YES_AGGRESSIVE;
				GCC_WARN_UNUSED_FUNCTION = YES;
				GCC_WARN_UNUSED_VARIABLE = YES;
				IPHONEOS_DEPLOYMENT_TARGET = 18.1;
				LOCALIZATION_PREFERS_STRING_CATALOGS = YES;
				MTL_ENABLE_DEBUG_INFO = NO;
				MTL_FAST_MATH = YES;
				SDKROOT = iphoneos;
				SWIFT_COMPILATION_MODE = wholemodule;
				VALIDATE_PRODUCT = YES;
			};
			name = Release;
		};
		BB89ADBF2D566D9C00037236 /* Debug */ = {
			isa = XCBuildConfiguration;
			buildSettings = {
				ASSETCATALOG_COMPILER_APPICON_NAME = AppIcon;
				ASSETCATALOG_COMPILER_GLOBAL_ACCENT_COLOR_NAME = AccentColor;
				CODE_SIGN_STYLE = Automatic;
				CURRENT_PROJECT_VERSION = 1;
				DEVELOPMENT_ASSET_PATHS = "\"Assessment/Preview Content\"";
				DEVELOPMENT_TEAM = 8JMM4RM96A;
				ENABLE_PREVIEWS = YES;
				GENERATE_INFOPLIST_FILE = YES;
				INFOPLIST_KEY_UIApplicationSceneManifest_Generation = YES;
				INFOPLIST_KEY_UIApplicationSupportsIndirectInputEvents = YES;
				INFOPLIST_KEY_UILaunchScreen_Generation = YES;
				INFOPLIST_KEY_UISupportedInterfaceOrientations = "UIInterfaceOrientationLandscapeLeft UIInterfaceOrientationLandscapeRight UIInterfaceOrientationPortrait";
				INFOPLIST_KEY_UISupportedInterfaceOrientations_iPad = "UIInterfaceOrientationLandscapeLeft UIInterfaceOrientationLandscapeRight UIInterfaceOrientationPortrait UIInterfaceOrientationPortraitUpsideDown";
				IPHONEOS_DEPLOYMENT_TARGET = 18.0;
				LD_RUNPATH_SEARCH_PATHS = (
					"$(inherited)",
					"@executable_path/Frameworks",
				);
				MARKETING_VERSION = 1.0;
				PRODUCT_BUNDLE_IDENTIFIER = app.indeks.Assessment;
				PRODUCT_NAME = "$(TARGET_NAME)";
				SWIFT_EMIT_LOC_STRINGS = YES;
				SWIFT_VERSION = 5.0;
				TARGETED_DEVICE_FAMILY = "1,2";
			};
			name = Debug;
		};
		BB89ADC02D566D9C00037236 /* Release */ = {
			isa = XCBuildConfiguration;
			buildSettings = {
				ASSETCATALOG_COMPILER_APPICON_NAME = AppIcon;
				ASSETCATALOG_COMPILER_GLOBAL_ACCENT_COLOR_NAME = AccentColor;
				CODE_SIGN_STYLE = Automatic;
				CURRENT_PROJECT_VERSION = 1;
				DEVELOPMENT_ASSET_PATHS = "\"Assessment/Preview Content\"";
				DEVELOPMENT_TEAM = 8JMM4RM96A;
				ENABLE_PREVIEWS = YES;
				GENERATE_INFOPLIST_FILE = YES;
				INFOPLIST_KEY_UIApplicationSceneManifest_Generation = YES;
				INFOPLIST_KEY_UIApplicationSupportsIndirectInputEvents = YES;
				INFOPLIST_KEY_UILaunchScreen_Generation = YES;
				INFOPLIST_KEY_UISupportedInterfaceOrientations = "UIInterfaceOrientationLandscapeLeft UIInterfaceOrientationLandscapeRight UIInterfaceOrientationPortrait";
				INFOPLIST_KEY_UISupportedInterfaceOrientations_iPad = "UIInterfaceOrientationLandscapeLeft UIInterfaceOrientationLandscapeRight UIInterfaceOrientationPortrait UIInterfaceOrientationPortraitUpsideDown";
				IPHONEOS_DEPLOYMENT_TARGET = 18.0;
				LD_RUNPATH_SEARCH_PATHS = (
					"$(inherited)",
					"@executable_path/Frameworks",
				);
				MARKETING_VERSION = 1.0;
				PRODUCT_BUNDLE_IDENTIFIER = app.indeks.Assessment;
				PRODUCT_NAME = "$(TARGET_NAME)";
				SWIFT_EMIT_LOC_STRINGS = YES;
				SWIFT_VERSION = 5.0;
				TARGETED_DEVICE_FAMILY = "1,2";
			};
			name = Release;
		};
		BB89AE042D56942300037236 /* Debug */ = {
			isa = XCBuildConfiguration;
			buildSettings = {
				BUNDLE_LOADER = "$(TEST_HOST)";
				CODE_SIGN_STYLE = Automatic;
				CURRENT_PROJECT_VERSION = 1;
				DEVELOPMENT_TEAM = 8JMM4RM96A;
				GENERATE_INFOPLIST_FILE = YES;
				MARKETING_VERSION = 1.0;
				PRODUCT_BUNDLE_IDENTIFIER = app.indeks.AssessmentTests;
				PRODUCT_NAME = "$(TARGET_NAME)";
				SWIFT_EMIT_LOC_STRINGS = NO;
				SWIFT_VERSION = 5.0;
				TARGETED_DEVICE_FAMILY = "1,2";
				TEST_HOST = "$(BUILT_PRODUCTS_DIR)/Assessment.app/$(BUNDLE_EXECUTABLE_FOLDER_PATH)/Assessment";
			};
			name = Debug;
		};
		BB89AE052D56942300037236 /* Release */ = {
			isa = XCBuildConfiguration;
			buildSettings = {
				BUNDLE_LOADER = "$(TEST_HOST)";
				CODE_SIGN_STYLE = Automatic;
				CURRENT_PROJECT_VERSION = 1;
				DEVELOPMENT_TEAM = 8JMM4RM96A;
				GENERATE_INFOPLIST_FILE = YES;
				MARKETING_VERSION = 1.0;
				PRODUCT_BUNDLE_IDENTIFIER = app.indeks.AssessmentTests;
				PRODUCT_NAME = "$(TARGET_NAME)";
				SWIFT_EMIT_LOC_STRINGS = NO;
				SWIFT_VERSION = 5.0;
				TARGETED_DEVICE_FAMILY = "1,2";
				TEST_HOST = "$(BUILT_PRODUCTS_DIR)/Assessment.app/$(BUNDLE_EXECUTABLE_FOLDER_PATH)/Assessment";
			};
			name = Release;
		};
/* End XCBuildConfiguration section */

/* Begin XCConfigurationList section */
		BB1FAB092D5825BD000A189B /* Build configuration list for PBXNativeTarget "AssessmentUITests" */ = {
			isa = XCConfigurationList;
			buildConfigurations = (
				BB1FAB0A2D5825BD000A189B /* Debug */,
				BB1FAB0B2D5825BD000A189B /* Release */,
			);
			defaultConfigurationIsVisible = 0;
			defaultConfigurationName = Release;
		};
		BB89ADAB2D566D9A00037236 /* Build configuration list for PBXProject "Assessment" */ = {
			isa = XCConfigurationList;
			buildConfigurations = (
				BB89ADBC2D566D9C00037236 /* Debug */,
				BB89ADBD2D566D9C00037236 /* Release */,
			);
			defaultConfigurationIsVisible = 0;
			defaultConfigurationName = Release;
		};
		BB89ADBE2D566D9C00037236 /* Build configuration list for PBXNativeTarget "Assessment" */ = {
			isa = XCConfigurationList;
			buildConfigurations = (
				BB89ADBF2D566D9C00037236 /* Debug */,
				BB89ADC02D566D9C00037236 /* Release */,
			);
			defaultConfigurationIsVisible = 0;
			defaultConfigurationName = Release;
		};
		BB89AE032D56942300037236 /* Build configuration list for PBXNativeTarget "AssessmentTests" */ = {
			isa = XCConfigurationList;
			buildConfigurations = (
				BB89AE042D56942300037236 /* Debug */,
				BB89AE052D56942300037236 /* Release */,
			);
			defaultConfigurationIsVisible = 0;
			defaultConfigurationName = Release;
		};
/* End XCConfigurationList section */

/* Begin XCRemoteSwiftPackageReference section */
		BB89ADCF2D566FEE00037236 /* XCRemoteSwiftPackageReference "Kingfisher" */ = {
			isa = XCRemoteSwiftPackageReference;
			repositoryURL = "https://github.com/onevcat/Kingfisher.git";
			requirement = {
				kind = upToNextMajorVersion;
				minimumVersion = 8.2.0;
			};
		};
		BBC15F6A2D56DD1C00644EDC /* XCRemoteSwiftPackageReference "SwiftSoup" */ = {
			isa = XCRemoteSwiftPackageReference;
			repositoryURL = "https://github.com/scinfu/SwiftSoup";
			requirement = {
				kind = upToNextMajorVersion;
				minimumVersion = 2.7.7;
			};
		};
/* End XCRemoteSwiftPackageReference section */

/* Begin XCSwiftPackageProductDependency section */
		BB1FAAFB2D56DEAB000A189B /* SwiftSoup */ = {
			isa = XCSwiftPackageProductDependency;
			package = BBC15F6A2D56DD1C00644EDC /* XCRemoteSwiftPackageReference "SwiftSoup" */;
			productName = SwiftSoup;
		};
		BB1FAB1B2D583B5C000A189B /* Kingfisher */ = {
			isa = XCSwiftPackageProductDependency;
			package = BB89ADCF2D566FEE00037236 /* XCRemoteSwiftPackageReference "Kingfisher" */;
			productName = Kingfisher;
		};
		BB1FAB1D2D583B60000A189B /* SwiftSoup */ = {
			isa = XCSwiftPackageProductDependency;
			package = BBC15F6A2D56DD1C00644EDC /* XCRemoteSwiftPackageReference "SwiftSoup" */;
			productName = SwiftSoup;
		};
		BB89ADD02D566FEE00037236 /* Kingfisher */ = {
			isa = XCSwiftPackageProductDependency;
			package = BB89ADCF2D566FEE00037236 /* XCRemoteSwiftPackageReference "Kingfisher" */;
			productName = Kingfisher;
		};
/* End XCSwiftPackageProductDependency section */
	};
	rootObject = BB89ADA82D566D9A00037236 /* Project object */;
}
